// !$*UTF8*$!
{
	archiveVersion = 1;
	classes = {
	};
	objectVersion = 46;
	objects = {

/* Begin PBXBuildFile section */
		04936D951AFF314400242C4D /* libsqlite3.dylib in Frameworks */ = {isa = PBXBuildFile; fileRef = 04936D941AFF314400242C4D /* libsqlite3.dylib */; };
		04936D981AFF31EB00242C4D /* DBManager.m in Sources */ = {isa = PBXBuildFile; fileRef = 04936D971AFF31EB00242C4D /* DBManager.m */; };
		04936D9E1AFF4E5600242C4D /* propertydb.sql in Resources */ = {isa = PBXBuildFile; fileRef = 04936D9D1AFF4E5600242C4D /* propertydb.sql */; };
		04BF54FA1AE9F32400EFA65E /* main.m in Sources */ = {isa = PBXBuildFile; fileRef = 04BF54F91AE9F32400EFA65E /* main.m */; };
		04BF54FD1AE9F32400EFA65E /* AppDelegate.m in Sources */ = {isa = PBXBuildFile; fileRef = 04BF54FC1AE9F32400EFA65E /* AppDelegate.m */; };
		04BF55001AE9F32400EFA65E /* FirstViewController.m in Sources */ = {isa = PBXBuildFile; fileRef = 04BF54FF1AE9F32400EFA65E /* FirstViewController.m */; };
		04BF55031AE9F32400EFA65E /* SecondViewController.m in Sources */ = {isa = PBXBuildFile; fileRef = 04BF55021AE9F32400EFA65E /* SecondViewController.m */; };
		04BF55061AE9F32400EFA65E /* Main.storyboard in Resources */ = {isa = PBXBuildFile; fileRef = 04BF55041AE9F32400EFA65E /* Main.storyboard */; };
		04BF55081AE9F32400EFA65E /* Images.xcassets in Resources */ = {isa = PBXBuildFile; fileRef = 04BF55071AE9F32400EFA65E /* Images.xcassets */; };
		04BF550B1AE9F32400EFA65E /* LaunchScreen.xib in Resources */ = {isa = PBXBuildFile; fileRef = 04BF55091AE9F32400EFA65E /* LaunchScreen.xib */; };
		04BF55171AE9F32400EFA65E /* MortgageCalculatorTests.m in Sources */ = {isa = PBXBuildFile; fileRef = 04BF55161AE9F32400EFA65E /* MortgageCalculatorTests.m */; };
		E62528D01B0078FF00F85A99 /* PopoverViewController.m in Sources */ = {isa = PBXBuildFile; fileRef = E62528CE1B0078FF00F85A99 /* PopoverViewController.m */; };
		E62528D11B0078FF00F85A99 /* PopoverViewController.xib in Resources */ = {isa = PBXBuildFile; fileRef = E62528CF1B0078FF00F85A99 /* PopoverViewController.xib */; };
		E6C29C6F1AFECDAA00E75B75 /* GoogleMaps.framework in Frameworks */ = {isa = PBXBuildFile; fileRef = E6C29C6E1AFECDAA00E75B75 /* GoogleMaps.framework */; };
		E6C29C711AFECE1600E75B75 /* GoogleMaps.bundle in Resources */ = {isa = PBXBuildFile; fileRef = E6C29C701AFECE1600E75B75 /* GoogleMaps.bundle */; };
		E6C29C731AFECF2D00E75B75 /* AVFoundation.framework in Frameworks */ = {isa = PBXBuildFile; fileRef = E6C29C721AFECF2D00E75B75 /* AVFoundation.framework */; };
		E6C29C751AFECF3600E75B75 /* CoreData.framework in Frameworks */ = {isa = PBXBuildFile; fileRef = E6C29C741AFECF3600E75B75 /* CoreData.framework */; };
		E6C29C771AFECF3D00E75B75 /* CoreLocation.framework in Frameworks */ = {isa = PBXBuildFile; fileRef = E6C29C761AFECF3D00E75B75 /* CoreLocation.framework */; };
		E6C29C791AFECF4800E75B75 /* CoreText.framework in Frameworks */ = {isa = PBXBuildFile; fileRef = E6C29C781AFECF4800E75B75 /* CoreText.framework */; };
		E6C29C7B1AFECF5000E75B75 /* GLKit.framework in Frameworks */ = {isa = PBXBuildFile; fileRef = E6C29C7A1AFECF4F00E75B75 /* GLKit.framework */; };
		E6C29C7D1AFECF5B00E75B75 /* ImageIO.framework in Frameworks */ = {isa = PBXBuildFile; fileRef = E6C29C7C1AFECF5B00E75B75 /* ImageIO.framework */; };
		E6C29C7F1AFECF6900E75B75 /* libc++.dylib in Frameworks */ = {isa = PBXBuildFile; fileRef = E6C29C7E1AFECF6900E75B75 /* libc++.dylib */; };
		E6C29C811AFECF7600E75B75 /* libicucore.dylib in Frameworks */ = {isa = PBXBuildFile; fileRef = E6C29C801AFECF7600E75B75 /* libicucore.dylib */; };
		E6C29C831AFECF7E00E75B75 /* libz.dylib in Frameworks */ = {isa = PBXBuildFile; fileRef = E6C29C821AFECF7E00E75B75 /* libz.dylib */; };
		E6C29C851AFECF8800E75B75 /* OpenGLES.framework in Frameworks */ = {isa = PBXBuildFile; fileRef = E6C29C841AFECF8800E75B75 /* OpenGLES.framework */; };
		E6C29C871AFECF9100E75B75 /* QuartzCore.framework in Frameworks */ = {isa = PBXBuildFile; fileRef = E6C29C861AFECF9100E75B75 /* QuartzCore.framework */; };
		E6C29C891AFECF9900E75B75 /* SystemConfiguration.framework in Frameworks */ = {isa = PBXBuildFile; fileRef = E6C29C881AFECF9900E75B75 /* SystemConfiguration.framework */; };
		E6C29C8B1AFED61900E75B75 /* libc++abi.dylib in Frameworks */ = {isa = PBXBuildFile; fileRef = E6C29C8A1AFED61900E75B75 /* libc++abi.dylib */; };
		E6EFBD3C1B0125F100E65D8D /* MapKit.framework in Frameworks */ = {isa = PBXBuildFile; fileRef = E6EFBD3B1B0125F100E65D8D /* MapKit.framework */; };
		E6EFBD3F1B01415300E65D8D /* ModifiedAnnotation.m in Sources */ = {isa = PBXBuildFile; fileRef = E6EFBD3E1B01415300E65D8D /* ModifiedAnnotation.m */; };
/* End PBXBuildFile section */

/* Begin PBXContainerItemProxy section */
		04BF55111AE9F32400EFA65E /* PBXContainerItemProxy */ = {
			isa = PBXContainerItemProxy;
			containerPortal = 04BF54EC1AE9F32400EFA65E /* Project object */;
			proxyType = 1;
			remoteGlobalIDString = 04BF54F31AE9F32400EFA65E;
			remoteInfo = MortgageCalculator;
		};
/* End PBXContainerItemProxy section */

/* Begin PBXFileReference section */
		04936D941AFF314400242C4D /* libsqlite3.dylib */ = {isa = PBXFileReference; lastKnownFileType = "compiled.mach-o.dylib"; name = libsqlite3.dylib; path = usr/lib/libsqlite3.dylib; sourceTree = SDKROOT; };
		04936D961AFF31EB00242C4D /* DBManager.h */ = {isa = PBXFileReference; fileEncoding = 4; lastKnownFileType = sourcecode.c.h; path = DBManager.h; sourceTree = "<group>"; };
		04936D971AFF31EB00242C4D /* DBManager.m */ = {isa = PBXFileReference; fileEncoding = 4; lastKnownFileType = sourcecode.c.objc; path = DBManager.m; sourceTree = "<group>"; };
		04936D9D1AFF4E5600242C4D /* propertydb.sql */ = {isa = PBXFileReference; lastKnownFileType = file; path = propertydb.sql; sourceTree = "<group>"; };
		04BF54F41AE9F32400EFA65E /* MortgageCalculator.app */ = {isa = PBXFileReference; explicitFileType = wrapper.application; includeInIndex = 0; path = MortgageCalculator.app; sourceTree = BUILT_PRODUCTS_DIR; };
		04BF54F81AE9F32400EFA65E /* Info.plist */ = {isa = PBXFileReference; lastKnownFileType = text.plist.xml; path = Info.plist; sourceTree = "<group>"; };
		04BF54F91AE9F32400EFA65E /* main.m */ = {isa = PBXFileReference; lastKnownFileType = sourcecode.c.objc; path = main.m; sourceTree = "<group>"; };
		04BF54FB1AE9F32400EFA65E /* AppDelegate.h */ = {isa = PBXFileReference; lastKnownFileType = sourcecode.c.h; path = AppDelegate.h; sourceTree = "<group>"; };
		04BF54FC1AE9F32400EFA65E /* AppDelegate.m */ = {isa = PBXFileReference; lastKnownFileType = sourcecode.c.objc; path = AppDelegate.m; sourceTree = "<group>"; };
		04BF54FE1AE9F32400EFA65E /* FirstViewController.h */ = {isa = PBXFileReference; lastKnownFileType = sourcecode.c.h; path = FirstViewController.h; sourceTree = "<group>"; };
		04BF54FF1AE9F32400EFA65E /* FirstViewController.m */ = {isa = PBXFileReference; lastKnownFileType = sourcecode.c.objc; path = FirstViewController.m; sourceTree = "<group>"; };
		04BF55011AE9F32400EFA65E /* SecondViewController.h */ = {isa = PBXFileReference; lastKnownFileType = sourcecode.c.h; path = SecondViewController.h; sourceTree = "<group>"; };
		04BF55021AE9F32400EFA65E /* SecondViewController.m */ = {isa = PBXFileReference; lastKnownFileType = sourcecode.c.objc; path = SecondViewController.m; sourceTree = "<group>"; };
		04BF55051AE9F32400EFA65E /* Base */ = {isa = PBXFileReference; lastKnownFileType = file.storyboard; name = Base; path = Base.lproj/Main.storyboard; sourceTree = "<group>"; };
		04BF55071AE9F32400EFA65E /* Images.xcassets */ = {isa = PBXFileReference; lastKnownFileType = folder.assetcatalog; path = Images.xcassets; sourceTree = "<group>"; };
		04BF550A1AE9F32400EFA65E /* Base */ = {isa = PBXFileReference; lastKnownFileType = file.xib; name = Base; path = Base.lproj/LaunchScreen.xib; sourceTree = "<group>"; };
		04BF55101AE9F32400EFA65E /* MortgageCalculatorTests.xctest */ = {isa = PBXFileReference; explicitFileType = wrapper.cfbundle; includeInIndex = 0; path = MortgageCalculatorTests.xctest; sourceTree = BUILT_PRODUCTS_DIR; };
		04BF55151AE9F32400EFA65E /* Info.plist */ = {isa = PBXFileReference; lastKnownFileType = text.plist.xml; path = Info.plist; sourceTree = "<group>"; };
		04BF55161AE9F32400EFA65E /* MortgageCalculatorTests.m */ = {isa = PBXFileReference; lastKnownFileType = sourcecode.c.objc; path = MortgageCalculatorTests.m; sourceTree = "<group>"; };
		04BF55211AE9F3A800EFA65E /* en */ = {isa = PBXFileReference; lastKnownFileType = text.plist.strings; name = en; path = en.lproj/Main.strings; sourceTree = "<group>"; };
		E62528CD1B0078FF00F85A99 /* PopoverViewController.h */ = {isa = PBXFileReference; fileEncoding = 4; lastKnownFileType = sourcecode.c.h; path = PopoverViewController.h; sourceTree = "<group>"; };
		E62528CE1B0078FF00F85A99 /* PopoverViewController.m */ = {isa = PBXFileReference; fileEncoding = 4; lastKnownFileType = sourcecode.c.objc; path = PopoverViewController.m; sourceTree = "<group>"; };
		E62528CF1B0078FF00F85A99 /* PopoverViewController.xib */ = {isa = PBXFileReference; fileEncoding = 4; lastKnownFileType = file.xib; path = PopoverViewController.xib; sourceTree = "<group>"; };
		E6C29C6E1AFECDAA00E75B75 /* GoogleMaps.framework */ = {isa = PBXFileReference; lastKnownFileType = wrapper.framework; path = GoogleMaps.framework; sourceTree = "<group>"; };
		E6C29C701AFECE1600E75B75 /* GoogleMaps.bundle */ = {isa = PBXFileReference; lastKnownFileType = "wrapper.plug-in"; name = GoogleMaps.bundle; path = GoogleMaps.framework/Versions/A/Resources/GoogleMaps.bundle; sourceTree = "<group>"; };
		E6C29C721AFECF2D00E75B75 /* AVFoundation.framework */ = {isa = PBXFileReference; lastKnownFileType = wrapper.framework; name = AVFoundation.framework; path = System/Library/Frameworks/AVFoundation.framework; sourceTree = SDKROOT; };
		E6C29C741AFECF3600E75B75 /* CoreData.framework */ = {isa = PBXFileReference; lastKnownFileType = wrapper.framework; name = CoreData.framework; path = System/Library/Frameworks/CoreData.framework; sourceTree = SDKROOT; };
		E6C29C761AFECF3D00E75B75 /* CoreLocation.framework */ = {isa = PBXFileReference; lastKnownFileType = wrapper.framework; name = CoreLocation.framework; path = System/Library/Frameworks/CoreLocation.framework; sourceTree = SDKROOT; };
		E6C29C781AFECF4800E75B75 /* CoreText.framework */ = {isa = PBXFileReference; lastKnownFileType = wrapper.framework; name = CoreText.framework; path = System/Library/Frameworks/CoreText.framework; sourceTree = SDKROOT; };
		E6C29C7A1AFECF4F00E75B75 /* GLKit.framework */ = {isa = PBXFileReference; lastKnownFileType = wrapper.framework; name = GLKit.framework; path = System/Library/Frameworks/GLKit.framework; sourceTree = SDKROOT; };
		E6C29C7C1AFECF5B00E75B75 /* ImageIO.framework */ = {isa = PBXFileReference; lastKnownFileType = wrapper.framework; name = ImageIO.framework; path = System/Library/Frameworks/ImageIO.framework; sourceTree = SDKROOT; };
		E6C29C7E1AFECF6900E75B75 /* libc++.dylib */ = {isa = PBXFileReference; lastKnownFileType = "compiled.mach-o.dylib"; name = "libc++.dylib"; path = "usr/lib/libc++.dylib"; sourceTree = SDKROOT; };
		E6C29C801AFECF7600E75B75 /* libicucore.dylib */ = {isa = PBXFileReference; lastKnownFileType = "compiled.mach-o.dylib"; name = libicucore.dylib; path = usr/lib/libicucore.dylib; sourceTree = SDKROOT; };
		E6C29C821AFECF7E00E75B75 /* libz.dylib */ = {isa = PBXFileReference; lastKnownFileType = "compiled.mach-o.dylib"; name = libz.dylib; path = usr/lib/libz.dylib; sourceTree = SDKROOT; };
		E6C29C841AFECF8800E75B75 /* OpenGLES.framework */ = {isa = PBXFileReference; lastKnownFileType = wrapper.framework; name = OpenGLES.framework; path = System/Library/Frameworks/OpenGLES.framework; sourceTree = SDKROOT; };
		E6C29C861AFECF9100E75B75 /* QuartzCore.framework */ = {isa = PBXFileReference; lastKnownFileType = wrapper.framework; name = QuartzCore.framework; path = System/Library/Frameworks/QuartzCore.framework; sourceTree = SDKROOT; };
		E6C29C881AFECF9900E75B75 /* SystemConfiguration.framework */ = {isa = PBXFileReference; lastKnownFileType = wrapper.framework; name = SystemConfiguration.framework; path = System/Library/Frameworks/SystemConfiguration.framework; sourceTree = SDKROOT; };
		E6C29C8A1AFED61900E75B75 /* libc++abi.dylib */ = {isa = PBXFileReference; lastKnownFileType = "compiled.mach-o.dylib"; name = "libc++abi.dylib"; path = "usr/lib/libc++abi.dylib"; sourceTree = SDKROOT; };
		E6EFBD3B1B0125F100E65D8D /* MapKit.framework */ = {isa = PBXFileReference; lastKnownFileType = wrapper.framework; name = MapKit.framework; path = System/Library/Frameworks/MapKit.framework; sourceTree = SDKROOT; };
		E6EFBD3D1B01415300E65D8D /* ModifiedAnnotation.h */ = {isa = PBXFileReference; fileEncoding = 4; lastKnownFileType = sourcecode.c.h; path = ModifiedAnnotation.h; sourceTree = "<group>"; };
		E6EFBD3E1B01415300E65D8D /* ModifiedAnnotation.m */ = {isa = PBXFileReference; fileEncoding = 4; lastKnownFileType = sourcecode.c.objc; path = ModifiedAnnotation.m; sourceTree = "<group>"; };
/* End PBXFileReference section */

/* Begin PBXFrameworksBuildPhase section */
		04BF54F11AE9F32400EFA65E /* Frameworks */ = {
			isa = PBXFrameworksBuildPhase;
			buildActionMask = 2147483647;
			files = (
				E6EFBD3C1B0125F100E65D8D /* MapKit.framework in Frameworks */,
				04936D951AFF314400242C4D /* libsqlite3.dylib in Frameworks */,
				E6C29C8B1AFED61900E75B75 /* libc++abi.dylib in Frameworks */,
				E6C29C891AFECF9900E75B75 /* SystemConfiguration.framework in Frameworks */,
				E6C29C871AFECF9100E75B75 /* QuartzCore.framework in Frameworks */,
				E6C29C851AFECF8800E75B75 /* OpenGLES.framework in Frameworks */,
				E6C29C831AFECF7E00E75B75 /* libz.dylib in Frameworks */,
				E6C29C811AFECF7600E75B75 /* libicucore.dylib in Frameworks */,
				E6C29C7F1AFECF6900E75B75 /* libc++.dylib in Frameworks */,
				E6C29C7D1AFECF5B00E75B75 /* ImageIO.framework in Frameworks */,
				E6C29C7B1AFECF5000E75B75 /* GLKit.framework in Frameworks */,
				E6C29C791AFECF4800E75B75 /* CoreText.framework in Frameworks */,
				E6C29C771AFECF3D00E75B75 /* CoreLocation.framework in Frameworks */,
				E6C29C751AFECF3600E75B75 /* CoreData.framework in Frameworks */,
				E6C29C731AFECF2D00E75B75 /* AVFoundation.framework in Frameworks */,
				E6C29C6F1AFECDAA00E75B75 /* GoogleMaps.framework in Frameworks */,
			);
			runOnlyForDeploymentPostprocessing = 0;
		};
		04BF550D1AE9F32400EFA65E /* Frameworks */ = {
			isa = PBXFrameworksBuildPhase;
			buildActionMask = 2147483647;
			files = (
			);
			runOnlyForDeploymentPostprocessing = 0;
		};
/* End PBXFrameworksBuildPhase section */

/* Begin PBXGroup section */
		04BF54EB1AE9F32400EFA65E = {
			isa = PBXGroup;
			children = (
				E6C29C8C1AFED96600E75B75 /* Frameworks */,
				04BF54F61AE9F32400EFA65E /* MortgageCalculator */,
				04BF55131AE9F32400EFA65E /* MortgageCalculatorTests */,
				04BF54F51AE9F32400EFA65E /* Products */,
			);
			sourceTree = "<group>";
		};
		04BF54F51AE9F32400EFA65E /* Products */ = {
			isa = PBXGroup;
			children = (
				04BF54F41AE9F32400EFA65E /* MortgageCalculator.app */,
				04BF55101AE9F32400EFA65E /* MortgageCalculatorTests.xctest */,
			);
			name = Products;
			sourceTree = "<group>";
		};
		04BF54F61AE9F32400EFA65E /* MortgageCalculator */ = {
			isa = PBXGroup;
			children = (
				04936D9D1AFF4E5600242C4D /* propertydb.sql */,
				04BF54FB1AE9F32400EFA65E /* AppDelegate.h */,
				04BF54FC1AE9F32400EFA65E /* AppDelegate.m */,
				04BF54FE1AE9F32400EFA65E /* FirstViewController.h */,
				04BF54FF1AE9F32400EFA65E /* FirstViewController.m */,
				04BF55011AE9F32400EFA65E /* SecondViewController.h */,
				04BF55021AE9F32400EFA65E /* SecondViewController.m */,
				E62528CD1B0078FF00F85A99 /* PopoverViewController.h */,
				E62528CE1B0078FF00F85A99 /* PopoverViewController.m */,
				E62528CF1B0078FF00F85A99 /* PopoverViewController.xib */,
				04BF55041AE9F32400EFA65E /* Main.storyboard */,
				04BF55071AE9F32400EFA65E /* Images.xcassets */,
				04BF55091AE9F32400EFA65E /* LaunchScreen.xib */,
				04BF54F71AE9F32400EFA65E /* Supporting Files */,
				04936D961AFF31EB00242C4D /* DBManager.h */,
				04936D971AFF31EB00242C4D /* DBManager.m */,
				E6EFBD3D1B01415300E65D8D /* ModifiedAnnotation.h */,
				E6EFBD3E1B01415300E65D8D /* ModifiedAnnotation.m */,
			);
			path = MortgageCalculator;
			sourceTree = "<group>";
		};
		04BF54F71AE9F32400EFA65E /* Supporting Files */ = {
			isa = PBXGroup;
			children = (
				04BF54F81AE9F32400EFA65E /* Info.plist */,
				04BF54F91AE9F32400EFA65E /* main.m */,
			);
			name = "Supporting Files";
			sourceTree = "<group>";
		};
		04BF55131AE9F32400EFA65E /* MortgageCalculatorTests */ = {
			isa = PBXGroup;
			children = (
				04BF55161AE9F32400EFA65E /* MortgageCalculatorTests.m */,
				04BF55141AE9F32400EFA65E /* Supporting Files */,
			);
			path = MortgageCalculatorTests;
			sourceTree = "<group>";
		};
		04BF55141AE9F32400EFA65E /* Supporting Files */ = {
			isa = PBXGroup;
			children = (
				04BF55151AE9F32400EFA65E /* Info.plist */,
			);
			name = "Supporting Files";
			sourceTree = "<group>";
		};
		E6C29C8C1AFED96600E75B75 /* Frameworks */ = {
			isa = PBXGroup;
			children = (
				E6EFBD3B1B0125F100E65D8D /* MapKit.framework */,
				04936D941AFF314400242C4D /* libsqlite3.dylib */,
				E6C29C8A1AFED61900E75B75 /* libc++abi.dylib */,
				E6C29C881AFECF9900E75B75 /* SystemConfiguration.framework */,
				E6C29C861AFECF9100E75B75 /* QuartzCore.framework */,
				E6C29C841AFECF8800E75B75 /* OpenGLES.framework */,
				E6C29C821AFECF7E00E75B75 /* libz.dylib */,
				E6C29C801AFECF7600E75B75 /* libicucore.dylib */,
				E6C29C7E1AFECF6900E75B75 /* libc++.dylib */,
				E6C29C7C1AFECF5B00E75B75 /* ImageIO.framework */,
				E6C29C7A1AFECF4F00E75B75 /* GLKit.framework */,
				E6C29C781AFECF4800E75B75 /* CoreText.framework */,
				E6C29C761AFECF3D00E75B75 /* CoreLocation.framework */,
				E6C29C741AFECF3600E75B75 /* CoreData.framework */,
				E6C29C721AFECF2D00E75B75 /* AVFoundation.framework */,
				E6C29C701AFECE1600E75B75 /* GoogleMaps.bundle */,
				E6C29C6E1AFECDAA00E75B75 /* GoogleMaps.framework */,
			);
			name = Frameworks;
			sourceTree = "<group>";
		};
/* End PBXGroup section */

/* Begin PBXNativeTarget section */
		04BF54F31AE9F32400EFA65E /* MortgageCalculator */ = {
			isa = PBXNativeTarget;
			buildConfigurationList = 04BF551A1AE9F32400EFA65E /* Build configuration list for PBXNativeTarget "MortgageCalculator" */;
			buildPhases = (
				04BF54F01AE9F32400EFA65E /* Sources */,
				04BF54F11AE9F32400EFA65E /* Frameworks */,
				04BF54F21AE9F32400EFA65E /* Resources */,
			);
			buildRules = (
			);
			dependencies = (
			);
			name = MortgageCalculator;
			productName = MortgageCalculator;
			productReference = 04BF54F41AE9F32400EFA65E /* MortgageCalculator.app */;
			productType = "com.apple.product-type.application";
		};
		04BF550F1AE9F32400EFA65E /* MortgageCalculatorTests */ = {
			isa = PBXNativeTarget;
			buildConfigurationList = 04BF551D1AE9F32400EFA65E /* Build configuration list for PBXNativeTarget "MortgageCalculatorTests" */;
			buildPhases = (
				04BF550C1AE9F32400EFA65E /* Sources */,
				04BF550D1AE9F32400EFA65E /* Frameworks */,
				04BF550E1AE9F32400EFA65E /* Resources */,
			);
			buildRules = (
			);
			dependencies = (
				04BF55121AE9F32400EFA65E /* PBXTargetDependency */,
			);
			name = MortgageCalculatorTests;
			productName = MortgageCalculatorTests;
			productReference = 04BF55101AE9F32400EFA65E /* MortgageCalculatorTests.xctest */;
			productType = "com.apple.product-type.bundle.unit-test";
		};
/* End PBXNativeTarget section */

/* Begin PBXProject section */
		04BF54EC1AE9F32400EFA65E /* Project object */ = {
			isa = PBXProject;
			attributes = {
				LastUpgradeCheck = 0630;
				ORGANIZATIONNAME = edu.sjsu.cmpe277;
				TargetAttributes = {
					04BF54F31AE9F32400EFA65E = {
						CreatedOnToolsVersion = 6.3.1;
					};
					04BF550F1AE9F32400EFA65E = {
						CreatedOnToolsVersion = 6.3.1;
						TestTargetID = 04BF54F31AE9F32400EFA65E;
					};
				};
			};
			buildConfigurationList = 04BF54EF1AE9F32400EFA65E /* Build configuration list for PBXProject "MortgageCalculator" */;
			compatibilityVersion = "Xcode 3.2";
			developmentRegion = English;
			hasScannedForEncodings = 0;
			knownRegions = (
				en,
				Base,
			);
			mainGroup = 04BF54EB1AE9F32400EFA65E;
			productRefGroup = 04BF54F51AE9F32400EFA65E /* Products */;
			projectDirPath = "";
			projectRoot = "";
			targets = (
				04BF54F31AE9F32400EFA65E /* MortgageCalculator */,
				04BF550F1AE9F32400EFA65E /* MortgageCalculatorTests */,
			);
		};
/* End PBXProject section */

/* Begin PBXResourcesBuildPhase section */
		04BF54F21AE9F32400EFA65E /* Resources */ = {
			isa = PBXResourcesBuildPhase;
			buildActionMask = 2147483647;
			files = (
				04936D9E1AFF4E5600242C4D /* propertydb.sql in Resources */,
				04BF55061AE9F32400EFA65E /* Main.storyboard in Resources */,
				E62528D11B0078FF00F85A99 /* PopoverViewController.xib in Resources */,
				04BF550B1AE9F32400EFA65E /* LaunchScreen.xib in Resources */,
				04BF55081AE9F32400EFA65E /* Images.xcassets in Resources */,
				E6C29C711AFECE1600E75B75 /* GoogleMaps.bundle in Resources */,
			);
			runOnlyForDeploymentPostprocessing = 0;
		};
		04BF550E1AE9F32400EFA65E /* Resources */ = {
			isa = PBXResourcesBuildPhase;
			buildActionMask = 2147483647;
			files = (
			);
			runOnlyForDeploymentPostprocessing = 0;
		};
/* End PBXResourcesBuildPhase section */

/* Begin PBXSourcesBuildPhase section */
		04BF54F01AE9F32400EFA65E /* Sources */ = {
			isa = PBXSourcesBuildPhase;
			buildActionMask = 2147483647;
			files = (
				E62528D01B0078FF00F85A99 /* PopoverViewController.m in Sources */,
				04BF55031AE9F32400EFA65E /* SecondViewController.m in Sources */,
				04BF54FD1AE9F32400EFA65E /* AppDelegate.m in Sources */,
				E6EFBD3F1B01415300E65D8D /* ModifiedAnnotation.m in Sources */,
				04BF55001AE9F32400EFA65E /* FirstViewController.m in Sources */,
				04BF54FA1AE9F32400EFA65E /* main.m in Sources */,
				04936D981AFF31EB00242C4D /* DBManager.m in Sources */,
			);
			runOnlyForDeploymentPostprocessing = 0;
		};
		04BF550C1AE9F32400EFA65E /* Sources */ = {
			isa = PBXSourcesBuildPhase;
			buildActionMask = 2147483647;
			files = (
				04BF55171AE9F32400EFA65E /* MortgageCalculatorTests.m in Sources */,
			);
			runOnlyForDeploymentPostprocessing = 0;
		};
/* End PBXSourcesBuildPhase section */

/* Begin PBXTargetDependency section */
		04BF55121AE9F32400EFA65E /* PBXTargetDependency */ = {
			isa = PBXTargetDependency;
			target = 04BF54F31AE9F32400EFA65E /* MortgageCalculator */;
			targetProxy = 04BF55111AE9F32400EFA65E /* PBXContainerItemProxy */;
		};
/* End PBXTargetDependency section */

/* Begin PBXVariantGroup section */
		04BF55041AE9F32400EFA65E /* Main.storyboard */ = {
			isa = PBXVariantGroup;
			children = (
				04BF55051AE9F32400EFA65E /* Base */,
				04BF55211AE9F3A800EFA65E /* en */,
			);
			name = Main.storyboard;
			sourceTree = "<group>";
		};
		04BF55091AE9F32400EFA65E /* LaunchScreen.xib */ = {
			isa = PBXVariantGroup;
			children = (
				04BF550A1AE9F32400EFA65E /* Base */,
			);
			name = LaunchScreen.xib;
			sourceTree = "<group>";
		};
/* End PBXVariantGroup section */

/* Begin XCBuildConfiguration section */
		04BF55181AE9F32400EFA65E /* Debug */ = {
			isa = XCBuildConfiguration;
			buildSettings = {
				ALWAYS_SEARCH_USER_PATHS = NO;
				CLANG_CXX_LANGUAGE_STANDARD = "gnu++0x";
				CLANG_CXX_LIBRARY = "libc++";
				CLANG_ENABLE_MODULES = YES;
				CLANG_ENABLE_OBJC_ARC = YES;
				CLANG_WARN_BOOL_CONVERSION = YES;
				CLANG_WARN_CONSTANT_CONVERSION = YES;
				CLANG_WARN_DIRECT_OBJC_ISA_USAGE = YES_ERROR;
				CLANG_WARN_EMPTY_BODY = YES;
				CLANG_WARN_ENUM_CONVERSION = YES;
				CLANG_WARN_INT_CONVERSION = YES;
				CLANG_WARN_OBJC_ROOT_CLASS = YES_ERROR;
				CLANG_WARN_UNREACHABLE_CODE = YES;
				CLANG_WARN__DUPLICATE_METHOD_MATCH = YES;
				"CODE_SIGN_IDENTITY[sdk=iphoneos*]" = "iPhone Developer";
				COPY_PHASE_STRIP = NO;
				DEBUG_INFORMATION_FORMAT = "dwarf-with-dsym";
				ENABLE_STRICT_OBJC_MSGSEND = YES;
				GCC_C_LANGUAGE_STANDARD = gnu99;
				GCC_DYNAMIC_NO_PIC = NO;
				GCC_NO_COMMON_BLOCKS = YES;
				GCC_OPTIMIZATION_LEVEL = 0;
				GCC_PREPROCESSOR_DEFINITIONS = (
					"DEBUG=1",
					"$(inherited)",
				);
				GCC_SYMBOLS_PRIVATE_EXTERN = NO;
				GCC_WARN_64_TO_32_BIT_CONVERSION = YES;
				GCC_WARN_ABOUT_RETURN_TYPE = YES_ERROR;
				GCC_WARN_UNDECLARED_SELECTOR = YES;
				GCC_WARN_UNINITIALIZED_AUTOS = YES_AGGRESSIVE;
				GCC_WARN_UNUSED_FUNCTION = YES;
				GCC_WARN_UNUSED_VARIABLE = YES;
				IPHONEOS_DEPLOYMENT_TARGET = 8.3;
				MTL_ENABLE_DEBUG_INFO = YES;
				ONLY_ACTIVE_ARCH = YES;
				SDKROOT = iphoneos;
			};
			name = Debug;
		};
		04BF55191AE9F32400EFA65E /* Release */ = {
			isa = XCBuildConfiguration;
			buildSettings = {
				ALWAYS_SEARCH_USER_PATHS = NO;
				CLANG_CXX_LANGUAGE_STANDARD = "gnu++0x";
				CLANG_CXX_LIBRARY = "libc++";
				CLANG_ENABLE_MODULES = YES;
				CLANG_ENABLE_OBJC_ARC = YES;
				CLANG_WARN_BOOL_CONVERSION = YES;
				CLANG_WARN_CONSTANT_CONVERSION = YES;
				CLANG_WARN_DIRECT_OBJC_ISA_USAGE = YES_ERROR;
				CLANG_WARN_EMPTY_BODY = YES;
				CLANG_WARN_ENUM_CONVERSION = YES;
				CLANG_WARN_INT_CONVERSION = YES;
				CLANG_WARN_OBJC_ROOT_CLASS = YES_ERROR;
				CLANG_WARN_UNREACHABLE_CODE = YES;
				CLANG_WARN__DUPLICATE_METHOD_MATCH = YES;
				"CODE_SIGN_IDENTITY[sdk=iphoneos*]" = "iPhone Developer";
				COPY_PHASE_STRIP = NO;
				DEBUG_INFORMATION_FORMAT = "dwarf-with-dsym";
				ENABLE_NS_ASSERTIONS = NO;
				ENABLE_STRICT_OBJC_MSGSEND = YES;
				GCC_C_LANGUAGE_STANDARD = gnu99;
				GCC_NO_COMMON_BLOCKS = YES;
				GCC_WARN_64_TO_32_BIT_CONVERSION = YES;
				GCC_WARN_ABOUT_RETURN_TYPE = YES_ERROR;
				GCC_WARN_UNDECLARED_SELECTOR = YES;
				GCC_WARN_UNINITIALIZED_AUTOS = YES_AGGRESSIVE;
				GCC_WARN_UNUSED_FUNCTION = YES;
				GCC_WARN_UNUSED_VARIABLE = YES;
				IPHONEOS_DEPLOYMENT_TARGET = 8.3;
				MTL_ENABLE_DEBUG_INFO = NO;
				SDKROOT = iphoneos;
				VALIDATE_PRODUCT = YES;
			};
			name = Release;
		};
		04BF551B1AE9F32400EFA65E /* Debug */ = {
			isa = XCBuildConfiguration;
			buildSettings = {
				ASSETCATALOG_COMPILER_APPICON_NAME = AppIcon;
				FRAMEWORK_SEARCH_PATHS = (
					"$(inherited)",
					"$(PROJECT_DIR)",
				);
				INFOPLIST_FILE = MortgageCalculator/Info.plist;
				IPHONEOS_DEPLOYMENT_TARGET = 8.0;
				LD_RUNPATH_SEARCH_PATHS = "$(inherited) @executable_path/Frameworks";
				OTHER_LDFLAGS = "-ObjC";
				PRODUCT_NAME = "$(TARGET_NAME)";
			};
			name = Debug;
		};
		04BF551C1AE9F32400EFA65E /* Release */ = {
			isa = XCBuildConfiguration;
			buildSettings = {
				ASSETCATALOG_COMPILER_APPICON_NAME = AppIcon;
				FRAMEWORK_SEARCH_PATHS = (
					"$(inherited)",
					"$(PROJECT_DIR)",
				);
				INFOPLIST_FILE = MortgageCalculator/Info.plist;
				IPHONEOS_DEPLOYMENT_TARGET = 8.0;
				LD_RUNPATH_SEARCH_PATHS = "$(inherited) @executable_path/Frameworks";
				OTHER_LDFLAGS = "-ObjC";
				PRODUCT_NAME = "$(TARGET_NAME)";
			};
			name = Release;
		};
		04BF551E1AE9F32400EFA65E /* Debug */ = {
			isa = XCBuildConfiguration;
			buildSettings = {
				BUNDLE_LOADER = "$(TEST_HOST)";
				FRAMEWORK_SEARCH_PATHS = (
					"$(SDKROOT)/Developer/Library/Frameworks",
					"$(inherited)",
				);
				GCC_PREPROCESSOR_DEFINITIONS = (
					"DEBUG=1",
					"$(inherited)",
				);
				INFOPLIST_FILE = MortgageCalculatorTests/Info.plist;
				LD_RUNPATH_SEARCH_PATHS = "$(inherited) @executable_path/Frameworks @loader_path/Frameworks";
				PRODUCT_NAME = "$(TARGET_NAME)";
				TEST_HOST = "$(BUILT_PRODUCTS_DIR)/MortgageCalculator.app/MortgageCalculator";
			};
			name = Debug;
		};
		04BF551F1AE9F32400EFA65E /* Release */ = {
			isa = XCBuildConfiguration;
			buildSettings = {
				BUNDLE_LOADER = "$(TEST_HOST)";
				FRAMEWORK_SEARCH_PATHS = (
					"$(SDKROOT)/Developer/Library/Frameworks",
					"$(inherited)",
				);
				INFOPLIST_FILE = MortgageCalculatorTests/Info.plist;
				LD_RUNPATH_SEARCH_PATHS = "$(inherited) @executable_path/Frameworks @loader_path/Frameworks";
				PRODUCT_NAME = "$(TARGET_NAME)";
				TEST_HOST = "$(BUILT_PRODUCTS_DIR)/MortgageCalculator.app/MortgageCalculator";
			};
			name = Release;
		};
/* End XCBuildConfiguration section */

/* Begin XCConfigurationList section */
		04BF54EF1AE9F32400EFA65E /* Build configuration list for PBXProject "MortgageCalculator" */ = {
			isa = XCConfigurationList;
			buildConfigurations = (
				04BF55181AE9F32400EFA65E /* Debug */,
				04BF55191AE9F32400EFA65E /* Release */,
			);
			defaultConfigurationIsVisible = 0;
			defaultConfigurationName = Release;
		};
		04BF551A1AE9F32400EFA65E /* Build configuration list for PBXNativeTarget "MortgageCalculator" */ = {
			isa = XCConfigurationList;
			buildConfigurations = (
				04BF551B1AE9F32400EFA65E /* Debug */,
				04BF551C1AE9F32400EFA65E /* Release */,
			);
			defaultConfigurationIsVisible = 0;
			defaultConfigurationName = Release;
		};
		04BF551D1AE9F32400EFA65E /* Build configuration list for PBXNativeTarget "MortgageCalculatorTests" */ = {
			isa = XCConfigurationList;
			buildConfigurations = (
				04BF551E1AE9F32400EFA65E /* Debug */,
				04BF551F1AE9F32400EFA65E /* Release */,
			);
			defaultConfigurationIsVisible = 0;
			defaultConfigurationName = Release;
		};
/* End XCConfigurationList section */
	};
	rootObject = 04BF54EC1AE9F32400EFA65E /* Project object */;
}
